
Microsoft Visual Studio Solution File, Format Version 12.00
# Visual Studio 15
VisualStudioVersion = 15.0.27703.2000
MinimumVisualStudioVersion = 10.0.40219.1
Project("{FAE04EC0-301F-11D3-BF4B-00C04F79EFBC}") = "LangleyLib.Extensions", "src\LangleyLib.Extensions\LangleyLib.Extensions.csproj", "{F3883B17-B203-410E-BA6E-2C1D80C5A54A}"
EndProject
Project("{FAE04EC0-301F-11D3-BF4B-00C04F79EFBC}") = "LangleyLib.ExtensionsTests", "src\LangleyLib.ExtensionsTests\LangleyLib.ExtensionsTests.csproj", "{28077C23-D084-41A2-A0AD-85F0C366BBA6}"
EndProject
Project("{FAE04EC0-301F-11D3-BF4B-00C04F79EFBC}") = "LangleyLib.DateFormat", "src\LangleyLib.DateFormat\LangleyLib.DateFormat.csproj", "{24A9DF89-8C55-406E-BD69-757E29682991}"
EndProject
Project("{FAE04EC0-301F-11D3-BF4B-00C04F79EFBC}") = "LangleyLib.DateFormatTests", "src\LangleyLib.DateFormatTests\LangleyLib.DateFormatTests.csproj", "{E30CC08D-57AC-4C6D-9AD1-20D55937473F}"
EndProject
Project("{FAE04EC0-301F-11D3-BF4B-00C04F79EFBC}") = "LangleyLib.VB6Extensions", "src\LangleyLib.VB6Extensions\LangleyLib.VB6Extensions.csproj", "{83E851CD-C1B1-4556-8D2E-7FF05F165FB8}"
EndProject
Project("{FAE04EC0-301F-11D3-BF4B-00C04F79EFBC}") = "LangleyLib.VB6ExtensionsTests", "src\LangleyLib.VB6ExtensionsTests\LangleyLib.VB6ExtensionsTests.csproj", "{9D7F04E0-1648-4064-9782-BAD7E8D8C1C2}"
EndProject
Project("{FAE04EC0-301F-11D3-BF4B-00C04F79EFBC}") = "LangleyLib.AdLib", "src\LangleyLib.AdLib\LangleyLib.AdLib.csproj", "{A3C14C7C-BF11-42BB-983B-69B14D2FA3B3}"
EndProject
Project("{FAE04EC0-301F-11D3-BF4B-00C04F79EFBC}") = "LangleyLib.AdLib.Sample", "src\LangleyLib.AdLib.Sample\LangleyLib.AdLib.Sample.csproj", "{66160704-E3D8-45C5-9471-9473A959B53C}"
EndProject
Project("{FAE04EC0-301F-11D3-BF4B-00C04F79EFBC}") = "LangleyLib.MailServerLib", "src\LangleyLib.MailServerLib\LangleyLib.MailServerLib.csproj", "{1DD7F7DD-41EA-4F43-BC92-96C1E1F87A18}"
EndProject
Project("{FAE04EC0-301F-11D3-BF4B-00C04F79EFBC}") = "LangleyLib.MailServerLib.Sample", "src\LangleyLib.MailServerLib.Sample\LangleyLib.MailServerLib.Sample.csproj", "{7BF4B541-81A7-4C53-A17D-3E2A46587F1A}"
EndProject
Project("{FAE04EC0-301F-11D3-BF4B-00C04F79EFBC}") = "LangleyLib.AopLib", "src\LangleyLib.AopLib\LangleyLib.AopLib.csproj", "{0EADE013-3158-49A5-B885-17B05F1F0D8C}"
EndProject
Project("{FAE04EC0-301F-11D3-BF4B-00C04F79EFBC}") = "LangleyLib.AopLib.Sample", "src\LangleyLib.AopLib.Sample\LangleyLib.AopLib.Sample.csproj", "{27B41191-3BB1-46E4-B73A-031D0D56B732}"
EndProject
Global
	GlobalSection(SolutionConfigurationPlatforms) = preSolution
		Debug|Any CPU = Debug|Any CPU
		Release|Any CPU = Release|Any CPU
	EndGlobalSection
	GlobalSection(ProjectConfigurationPlatforms) = postSolution
		{F3883B17-B203-410E-BA6E-2C1D80C5A54A}.Debug|Any CPU.ActiveCfg = Debug|Any CPU
		{F3883B17-B203-410E-BA6E-2C1D80C5A54A}.Debug|Any CPU.Build.0 = Debug|Any CPU
		{F3883B17-B203-410E-BA6E-2C1D80C5A54A}.Release|Any CPU.ActiveCfg = Release|Any CPU
		{F3883B17-B203-410E-BA6E-2C1D80C5A54A}.Release|Any CPU.Build.0 = Release|Any CPU
		{28077C23-D084-41A2-A0AD-85F0C366BBA6}.Debug|Any CPU.ActiveCfg = Debug|Any CPU
		{28077C23-D084-41A2-A0AD-85F0C366BBA6}.Debug|Any CPU.Build.0 = Debug|Any CPU
		{28077C23-D084-41A2-A0AD-85F0C366BBA6}.Release|Any CPU.ActiveCfg = Release|Any CPU
		{28077C23-D084-41A2-A0AD-85F0C366BBA6}.Release|Any CPU.Build.0 = Release|Any CPU
		{24A9DF89-8C55-406E-BD69-757E29682991}.Debug|Any CPU.ActiveCfg = Debug|Any CPU
		{24A9DF89-8C55-406E-BD69-757E29682991}.Debug|Any CPU.Build.0 = Debug|Any CPU
		{24A9DF89-8C55-406E-BD69-757E29682991}.Debug|Any CPU.Deploy.0 = Debug|Any CPU
		{24A9DF89-8C55-406E-BD69-757E29682991}.Release|Any CPU.ActiveCfg = Release|Any CPU
		{24A9DF89-8C55-406E-BD69-757E29682991}.Release|Any CPU.Build.0 = Release|Any CPU
		{E30CC08D-57AC-4C6D-9AD1-20D55937473F}.Debug|Any CPU.ActiveCfg = Debug|Any CPU
		{E30CC08D-57AC-4C6D-9AD1-20D55937473F}.Debug|Any CPU.Build.0 = Debug|Any CPU
		{E30CC08D-57AC-4C6D-9AD1-20D55937473F}.Release|Any CPU.ActiveCfg = Release|Any CPU
		{E30CC08D-57AC-4C6D-9AD1-20D55937473F}.Release|Any CPU.Build.0 = Release|Any CPU
		{83E851CD-C1B1-4556-8D2E-7FF05F165FB8}.Debug|Any CPU.ActiveCfg = Debug|Any CPU
		{83E851CD-C1B1-4556-8D2E-7FF05F165FB8}.Debug|Any CPU.Build.0 = Debug|Any CPU
		{83E851CD-C1B1-4556-8D2E-7FF05F165FB8}.Release|Any CPU.ActiveCfg = Release|Any CPU
		{83E851CD-C1B1-4556-8D2E-7FF05F165FB8}.Release|Any CPU.Build.0 = Release|Any CPU
		{9D7F04E0-1648-4064-9782-BAD7E8D8C1C2}.Debug|Any CPU.ActiveCfg = Debug|Any CPU
		{9D7F04E0-1648-4064-9782-BAD7E8D8C1C2}.Debug|Any CPU.Build.0 = Debug|Any CPU
		{9D7F04E0-1648-4064-9782-BAD7E8D8C1C2}.Release|Any CPU.ActiveCfg = Release|Any CPU
		{9D7F04E0-1648-4064-9782-BAD7E8D8C1C2}.Release|Any CPU.Build.0 = Release|Any CPU
		{9D7F04E0-1648-4064-9782-BAD7E8D8C1C2}.Release|Any CPU.Deploy.0 = Release|Any CPU
		{A3C14C7C-BF11-42BB-983B-69B14D2FA3B3}.Debug|Any CPU.ActiveCfg = Debug|Any CPU
		{A3C14C7C-BF11-42BB-983B-69B14D2FA3B3}.Debug|Any CPU.Build.0 = Debug|Any CPU
		{A3C14C7C-BF11-42BB-983B-69B14D2FA3B3}.Release|Any CPU.ActiveCfg = Release|Any CPU
		{A3C14C7C-BF11-42BB-983B-69B14D2FA3B3}.Release|Any CPU.Build.0 = Release|Any CPU
		{66160704-E3D8-45C5-9471-9473A959B53C}.Debug|Any CPU.ActiveCfg = Debug|Any CPU
		{66160704-E3D8-45C5-9471-9473A959B53C}.Debug|Any CPU.Build.0 = Debug|Any CPU
		{66160704-E3D8-45C5-9471-9473A959B53C}.Release|Any CPU.ActiveCfg = Release|Any CPU
		{66160704-E3D8-45C5-9471-9473A959B53C}.Release|Any CPU.Build.0 = Release|Any CPU
		{1DD7F7DD-41EA-4F43-BC92-96C1E1F87A18}.Debug|Any CPU.ActiveCfg = Debug|Any CPU
		{1DD7F7DD-41EA-4F43-BC92-96C1E1F87A18}.Debug|Any CPU.Build.0 = Debug|Any CPU
		{1DD7F7DD-41EA-4F43-BC92-96C1E1F87A18}.Release|Any CPU.ActiveCfg = Release|Any CPU
		{1DD7F7DD-41EA-4F43-BC92-96C1E1F87A18}.Release|Any CPU.Build.0 = Release|Any CPU
		{7BF4B541-81A7-4C53-A17D-3E2A46587F1A}.Debug|Any CPU.ActiveCfg = Debug|Any CPU
		{7BF4B541-81A7-4C53-A17D-3E2A46587F1A}.Debug|Any CPU.Build.0 = Debug|Any CPU
		{7BF4B541-81A7-4C53-A17D-3E2A46587F1A}.Release|Any CPU.ActiveCfg = Release|Any CPU
		{7BF4B541-81A7-4C53-A17D-3E2A46587F1A}.Release|Any CPU.Build.0 = Release|Any CPU
		{0EADE013-3158-49A5-B885-17B05F1F0D8C}.Debug|Any CPU.ActiveCfg = Debug|Any CPU
		{0EADE013-3158-49A5-B885-17B05F1F0D8C}.Debug|Any CPU.Build.0 = Debug|Any CPU
		{0EADE013-3158-49A5-B885-17B05F1F0D8C}.Release|Any CPU.ActiveCfg = Release|Any CPU
		{0EADE013-3158-49A5-B885-17B05F1F0D8C}.Release|Any CPU.Build.0 = Release|Any CPU
		{27B41191-3BB1-46E4-B73A-031D0D56B732}.Debug|Any CPU.ActiveCfg = Debug|Any CPU
		{27B41191-3BB1-46E4-B73A-031D0D56B732}.Debug|Any CPU.Build.0 = Debug|Any CPU
		{27B41191-3BB1-46E4-B73A-031D0D56B732}.Release|Any CPU.ActiveCfg = Release|Any CPU
		{27B41191-3BB1-46E4-B73A-031D0D56B732}.Release|Any CPU.Build.0 = Release|Any CPU
	EndGlobalSection
	GlobalSection(SolutionProperties) = preSolution
		HideSolutionNode = FALSE
	EndGlobalSection
	GlobalSection(ExtensibilityGlobals) = postSolution
		SolutionGuid = {3BDFF285-85D8-4CB8-B035-4A123DDB279A}
	EndGlobalSection
EndGlobal
